golang.org/x/image v0.14.0 h1:tNgSxAFe3jC4uYqvZdTr84SZoM1KfwdC9SKIFrLjFn4=
golang.org/x/image v0.14.0/go.mod h1:HUYqC05R2ZcZ3ejNQsIHQDQiwWM4JBqmm6MKANTp4LE=
perkeep.org v0.0.0-20250527210155-56726780f66b h1:Ba0xiufm53J5k6uB8aOxaL18FQqb8eqIPNzwy0Wgjs4=
perkeep.org v0.0.0-20250527210155-56726780f66b/go.mod h1:8hiEuYouJhoMippoyLKZ/47nCZYSHRXxfNfw8+HGoRo=
